
Microsoft Visual Studio Solution File, Format Version 12.00
# Visual Studio Version 16
VisualStudioVersion = 16.0.30523.141
MinimumVisualStudioVersion = 10.0.40219.1
Project("{FAE04EC0-301F-11D3-BF4B-00C04F79EFBC}") = "CollectionsMetabot", "CollectionsMetabot\CollectionsMetabot.csproj", "{E18ED841-F4F3-4C62-8CD4-23C95BB72F29}"
EndProject
Project("{FAE04EC0-301F-11D3-BF4B-00C04F79EFBC}") = "UnitTestProject1", "UnitTestProject1\UnitTestProject1.csproj", "{5CD9CA28-68A6-4990-809A-44E210C4D36B}"
EndProject
Global
	GlobalSection(SolutionConfigurationPlatforms) = preSolution
		Debug|Any CPU = Debug|Any CPU
		Release|Any CPU = Release|Any CPU
	EndGlobalSection
	GlobalSection(ProjectConfigurationPlatforms) = postSolution
		{E18ED841-F4F3-4C62-8CD4-23C95BB72F29}.Debug|Any CPU.ActiveCfg = Debug|Any CPU
		{E18ED841-F4F3-4C62-8CD4-23C95BB72F29}.Debug|Any CPU.Build.0 = Debug|Any CPU
		{E18ED841-F4F3-4C62-8CD4-23C95BB72F29}.Release|Any CPU.ActiveCfg = Release|Any CPU
		{E18ED841-F4F3-4C62-8CD4-23C95BB72F29}.Release|Any CPU.Build.0 = Release|Any CPU
		{5CD9CA28-68A6-4990-809A-44E210C4D36B}.Debug|Any CPU.ActiveCfg = Debug|Any CPU
		{5CD9CA28-68A6-4990-809A-44E210C4D36B}.Debug|Any CPU.Build.0 = Debug|Any CPU
		{5CD9CA28-68A6-4990-809A-44E210C4D36B}.Release|Any CPU.ActiveCfg = Release|Any CPU
		{5CD9CA28-68A6-4990-809A-44E210C4D36B}.Release|Any CPU.Build.0 = Release|Any CPU
	EndGlobalSection
	GlobalSection(SolutionProperties) = preSolution
		HideSolutionNode = FALSE
	EndGlobalSection
	GlobalSection(ExtensibilityGlobals) = postSolution
		SolutionGuid = {825873A8-38B7-4B51-A152-75D723291365}
	EndGlobalSection
EndGlobal
